
Microsoft Visual Studio Solution File, Format Version 12.00
# Visual Studio Version 16
VisualStudioVersion = 16.0.31005.135
MinimumVisualStudioVersion = 10.0.40219.1
Project("{FAE04EC0-301F-11D3-BF4B-00C04F79EFBC}") = "InstallC4", "InstallC4\InstallC4.csproj", "{6B2FB2B5-2269-42DC-BB5B-8A167B59FD4C}"
EndProject
Global
	GlobalSection(SolutionConfigurationPlatforms) = preSolution
		Debug|x64 = Debug|x64
		Release|x64 = Release|x64
	EndGlobalSection
	GlobalSection(ProjectConfigurationPlatforms) = postSolution
		{6B2FB2B5-2269-42DC-BB5B-8A167B59FD4C}.Debug|x64.ActiveCfg = Debug|x64
		{6B2FB2B5-2269-42DC-BB5B-8A167B59FD4C}.Debug|x64.Build.0 = Debug|x64
		{6B2FB2B5-2269-42DC-BB5B-8A167B59FD4C}.Release|x64.ActiveCfg = Release|x64
		{6B2FB2B5-2269-42DC-BB5B-8A167B59FD4C}.Release|x64.Build.0 = Release|x64
	EndGlobalSection
	GlobalSection(SolutionProperties) = preSolution
		HideSolutionNode = FALSE
	EndGlobalSection
	GlobalSection(ExtensibilityGlobals) = postSolution
		SolutionGuid = {922358C5-8C26-4E51-AEF4-42B81F968C10}
	EndGlobalSection
EndGlobal
